{
  "nodes": {
    "home-manager": {
      "inputs": {
        "nixpkgs": [
          "nixpkgs"
        ]
      },
      "locked": {
        "lastModified": 1694465129,
        "narHash": "sha256-8BQiuobMrCfCbGM7w6Snx+OBYdtTIm0+cGVaKwQ5BFg=",
        "owner": "nix-community",
        "repo": "home-manager",
        "rev": "9787dffff5d315c9593d3f9fb0f9bf2097e1b57b",
        "type": "github"
      },
      "original": {
        "owner": "nix-community",
        "ref": "release-23.05",
        "repo": "home-manager",
        "type": "github"
      }
    },
    "nix-darwin": {
      "inputs": {
        "nixpkgs": [
          "nixpkgs"
        ]
      },
      "locked": {
        "lastModified": 1694497842,
        "narHash": "sha256-z03v/m0OwcLBok97KcUgMl8ZFw5Xwsi2z+n6nL7JdXY=",
        "owner": "LnL7",
        "repo": "nix-darwin",
        "rev": "4496ab26628c5f43d2a5c577a06683c753e32fe2",
        "type": "github"
      },
      "original": {
        "owner": "LnL7",
        "ref": "master",
        "repo": "nix-darwin",
        "type": "github"
      }
    },
    "nixpkgs": {
      "locked": {
        "lastModified": 1694768144,
        "narHash": "sha256-f+JORPfUnPW2VJJsiqoN1nParoIOotIxm0lahhADsBA=",
        "owner": "NixOS",
        "repo": "nixpkgs",
        "rev": "f6401f26d06675f1c6ccfd0b5d2f676643dac68e",
        "type": "github"
      },
      "original": {
        "owner": "NixOS",
        "ref": "master",
        "repo": "nixpkgs",
        "type": "github"
      }
    },
    "root": {
      "inputs": {
        "home-manager": "home-manager",
        "nix-darwin": "nix-darwin",
        "nixpkgs": "nixpkgs",
        "secrets": "secrets"
      }
    },
    "secrets": {
      "flake": false,
      "locked": {
        "lastModified": 1694683706,
        "narHash": "sha256-71r18Yi05DIeTveu5n4rqL7Fu3vUCn9EgHpIZWgOglY=",
        "ref": "refs/heads/main",
        "rev": "f5f32d89dfa10778234c729fc4dced17fb7be40c",
        "revCount": 19,
        "type": "git",
        "url": "ssh://git@github.com/leonbreedt/secrets.git"
      },
      "original": {
        "type": "git",
        "url": "ssh://git@github.com/leonbreedt/secrets.git"
      }
    }
  },
  "root": "root",
  "version": 7
}
